// !$*UTF8*$!
{
	archiveVersion = 1;
	classes = {
	};
	objectVersion = 50;
	objects = {

/* Begin PBXBuildFile section */
		06D8791426DC15BF004B1602 /* AppDelegate.swift in Sources */ = {isa = PBXBuildFile; fileRef = 06D8791326DC15BF004B1602 /* AppDelegate.swift */; };
		06D8791626DC15BF004B1602 /* SceneDelegate.swift in Sources */ = {isa = PBXBuildFile; fileRef = 06D8791526DC15BF004B1602 /* SceneDelegate.swift */; };
		06D8791826DC15BF004B1602 /* ContentView.swift in Sources */ = {isa = PBXBuildFile; fileRef = 06D8791726DC15BF004B1602 /* ContentView.swift */; };
		06D8791A26DC15C2004B1602 /* Assets.xcassets in Resources */ = {isa = PBXBuildFile; fileRef = 06D8791926DC15C2004B1602 /* Assets.xcassets */; };
		06D8791D26DC15C2004B1602 /* Preview Assets.xcassets in Resources */ = {isa = PBXBuildFile; fileRef = 06D8791C26DC15C2004B1602 /* Preview Assets.xcassets */; };
		06D8792026DC15C2004B1602 /* LaunchScreen.storyboard in Resources */ = {isa = PBXBuildFile; fileRef = 06D8791E26DC15C2004B1602 /* LaunchScreen.storyboard */; };
/* End PBXBuildFile section */

/* Begin PBXFileReference section */
		06D8791026DC15BF004B1602 /* BeetsNews.app */ = {isa = PBXFileReference; explicitFileType = wrapper.application; includeInIndex = 0; path = BeetsNews.app; sourceTree = BUILT_PRODUCTS_DIR; };
		06D8791326DC15BF004B1602 /* AppDelegate.swift */ = {isa = PBXFileReference; lastKnownFileType = sourcecode.swift; path = AppDelegate.swift; sourceTree = "<group>"; };
		06D8791526DC15BF004B1602 /* SceneDelegate.swift */ = {isa = PBXFileReference; lastKnownFileType = sourcecode.swift; path = SceneDelegate.swift; sourceTree = "<group>"; };
		06D8791726DC15BF004B1602 /* ContentView.swift */ = {isa = PBXFileReference; lastKnownFileType = sourcecode.swift; path = ContentView.swift; sourceTree = "<group>"; };
		06D8791926DC15C2004B1602 /* Assets.xcassets */ = {isa = PBXFileReference; lastKnownFileType = folder.assetcatalog; path = Assets.xcassets; sourceTree = "<group>"; };
		06D8791C26DC15C2004B1602 /* Preview Assets.xcassets */ = {isa = PBXFileReference; lastKnownFileType = folder.assetcatalog; path = "Preview Assets.xcassets"; sourceTree = "<group>"; };
		06D8791F26DC15C2004B1602 /* Base */ = {isa = PBXFileReference; lastKnownFileType = file.storyboard; name = Base; path = Base.lproj/LaunchScreen.storyboard; sourceTree = "<group>"; };
		06D8792126DC15C3004B1602 /* Info.plist */ = {isa = PBXFileReference; lastKnownFileType = text.plist.xml; path = Info.plist; sourceTree = "<group>"; };
/* End PBXFileReference section */

/* Begin PBXFrameworksBuildPhase section */
		06D8790D26DC15BF004B1602 /* Frameworks */ = {
			isa = PBXFrameworksBuildPhase;
			buildActionMask = 2147483647;
			files = (
			);
			runOnlyForDeploymentPostprocessing = 0;
		};
/* End PBXFrameworksBuildPhase section */

/* Begin PBXGroup section */
		06D8790726DC15BF004B1602 = {
			isa = PBXGroup;
			children = (
				06D8791226DC15BF004B1602 /* BeetsNews */,
				06D8791126DC15BF004B1602 /* Products */,
			);
			sourceTree = "<group>";
		};
		06D8791126DC15BF004B1602 /* Products */ = {
			isa = PBXGroup;
			children = (
				06D8791026DC15BF004B1602 /* BeetsNews.app */,
			);
			name = Products;
			sourceTree = "<group>";
		};
		06D8791226DC15BF004B1602 /* BeetsNews */ = {
			isa = PBXGroup;
			children = (
				06D8791326DC15BF004B1602 /* AppDelegate.swift */,
				06D8791526DC15BF004B1602 /* SceneDelegate.swift */,
				06D8791726DC15BF004B1602 /* ContentView.swift */,
				06D8791926DC15C2004B1602 /* Assets.xcassets */,
				06D8791E26DC15C2004B1602 /* LaunchScreen.storyboard */,
				06D8792126DC15C3004B1602 /* Info.plist */,
				06D8791B26DC15C2004B1602 /* Preview Content */,
			);
			path = BeetsNews;
			sourceTree = "<group>";
		};
		06D8791B26DC15C2004B1602 /* Preview Content */ = {
			isa = PBXGroup;
			children = (
				06D8791C26DC15C2004B1602 /* Preview Assets.xcassets */,
			);
			path = "Preview Content";
			sourceTree = "<group>";
		};
/* End PBXGroup section */

/* Begin PBXNativeTarget section */
		06D8790F26DC15BF004B1602 /* BeetsNews */ = {
			isa = PBXNativeTarget;
			buildConfigurationList = 06D8792426DC15C3004B1602 /* Build configuration list for PBXNativeTarget "BeetsNews" */;
			buildPhases = (
				06D8790C26DC15BF004B1602 /* Sources */,
				06D8790D26DC15BF004B1602 /* Frameworks */,
				06D8790E26DC15BF004B1602 /* Resources */,
			);
			buildRules = (
			);
			dependencies = (
			);
			name = BeetsNews;
			productName = BeetsNews;
			productReference = 06D8791026DC15BF004B1602 /* BeetsNews.app */;
			productType = "com.apple.product-type.application";
		};
/* End PBXNativeTarget section */

/* Begin PBXProject section */
		06D8790826DC15BF004B1602 /* Project object */ = {
			isa = PBXProject;
			attributes = {
				LastSwiftUpdateCheck = 1240;
				LastUpgradeCheck = 1240;
				TargetAttributes = {
					06D8790F26DC15BF004B1602 = {
						CreatedOnToolsVersion = 12.4;
					};
				};
			};
			buildConfigurationList = 06D8790B26DC15BF004B1602 /* Build configuration list for PBXProject "BeetsNews" */;
			compatibilityVersion = "Xcode 9.3";
			developmentRegion = en;
			hasScannedForEncodings = 0;
			knownRegions = (
				en,
				Base,
			);
			mainGroup = 06D8790726DC15BF004B1602;
			productRefGroup = 06D8791126DC15BF004B1602 /* Products */;
			projectDirPath = "";
			projectRoot = "";
			targets = (
				06D8790F26DC15BF004B1602 /* BeetsNews */,
			);
		};
/* End PBXProject section */

/* Begin PBXResourcesBuildPhase section */
		06D8790E26DC15BF004B1602 /* Resources */ = {
			isa = PBXResourcesBuildPhase;
			buildActionMask = 2147483647;
			files = (
				06D8792026DC15C2004B1602 /* LaunchScreen.storyboard in Resources */,
				06D8791D26DC15C2004B1602 /* Preview Assets.xcassets in Resources */,
				06D8791A26DC15C2004B1602 /* Assets.xcassets in Resources */,
			);
			runOnlyForDeploymentPostprocessing = 0;
		};
/* End PBXResourcesBuildPhase section */

/* Begin PBXSourcesBuildPhase section */
		06D8790C26DC15BF004B1602 /* Sources */ = {
			isa = PBXSourcesBuildPhase;
			buildActionMask = 2147483647;
			files = (
				06D8791426DC15BF004B1602 /* AppDelegate.swift in Sources */,
				06D8791626DC15BF004B1602 /* SceneDelegate.swift in Sources */,
				06D8791826DC15BF004B1602 /* ContentView.swift in Sources */,
			);
			runOnlyForDeploymentPostprocessing = 0;
		};
/* End PBXSourcesBuildPhase section */

/* Begin PBXVariantGroup section */
		06D8791E26DC15C2004B1602 /* LaunchScreen.storyboard */ = {
			isa = PBXVariantGroup;
			children = (
				06D8791F26DC15C2004B1602 /* Base */,
			);
			name = LaunchScreen.storyboard;
			sourceTree = "<group>";
		};
/* End PBXVariantGroup section */

/* Begin XCBuildConfiguration section */
		06D8792226DC15C3004B1602 /* Debug */ = {
			isa = XCBuildConfiguration;
			buildSettings = {
				ALWAYS_SEARCH_USER_PATHS = NO;
				CLANG_ANALYZER_NONNULL = YES;
				CLANG_ANALYZER_NUMBER_OBJECT_CONVERSION = YES_AGGRESSIVE;
				CLANG_CXX_LANGUAGE_STANDARD = "gnu++14";
				CLANG_CXX_LIBRARY = "libc++";
				CLANG_ENABLE_MODULES = YES;
				CLANG_ENABLE_OBJC_ARC = YES;
				CLANG_ENABLE_OBJC_WEAK = YES;
				CLANG_WARN_BLOCK_CAPTURE_AUTORELEASING = YES;
				CLANG_WARN_BOOL_CONVERSION = YES;
				CLANG_WARN_COMMA = YES;
				CLANG_WARN_CONSTANT_CONVERSION = YES;
				CLANG_WARN_DEPRECATED_OBJC_IMPLEMENTATIONS = YES;
				CLANG_WARN_DIRECT_OBJC_ISA_USAGE = YES_ERROR;
				CLANG_WARN_DOCUMENTATION_COMMENTS = YES;
				CLANG_WARN_EMPTY_BODY = YES;
				CLANG_WARN_ENUM_CONVERSION = YES;
				CLANG_WARN_INFINITE_RECURSION = YES;
				CLANG_WARN_INT_CONVERSION = YES;
				CLANG_WARN_NON_LITERAL_NULL_CONVERSION = YES;
				CLANG_WARN_OBJC_IMPLICIT_RETAIN_SELF = YES;
				CLANG_WARN_OBJC_LITERAL_CONVERSION = YES;
				CLANG_WARN_OBJC_ROOT_CLASS = YES_ERROR;
				CLANG_WARN_QUOTED_INCLUDE_IN_FRAMEWORK_HEADER = YES;
				CLANG_WARN_RANGE_LOOP_ANALYSIS = YES;
				CLANG_WARN_STRICT_PROTOTYPES = YES;
				CLANG_WARN_SUSPICIOUS_MOVE = YES;
				CLANG_WARN_UNGUARDED_AVAILABILITY = YES_AGGRESSIVE;
				CLANG_WARN_UNREACHABLE_CODE = YES;
				CLANG_WARN__DUPLICATE_METHOD_MATCH = YES;
				COPY_PHASE_STRIP = NO;
				DEBUG_INFORMATION_FORMAT = dwarf;
				ENABLE_STRICT_OBJC_MSGSEND = YES;
				ENABLE_TESTABILITY = YES;
				GCC_C_LANGUAGE_STANDARD = gnu11;
				GCC_DYNAMIC_NO_PIC = NO;
				GCC_NO_COMMON_BLOCKS = YES;
				GCC_OPTIMIZATION_LEVEL = 0;
				GCC_PREPROCESSOR_DEFINITIONS = (
					"DEBUG=1",
					"$(inherited)",
				);
				GCC_WARN_64_TO_32_BIT_CONVERSION = YES;
				GCC_WARN_ABOUT_RETURN_TYPE = YES_ERROR;
				GCC_WARN_UNDECLARED_SELECTOR = YES;
				GCC_WARN_UNINITIALIZED_AUTOS = YES_AGGRESSIVE;
				GCC_WARN_UNUSED_FUNCTION = YES;
				GCC_WARN_UNUSED_VARIABLE = YES;
				IPHONEOS_DEPLOYMENT_TARGET = 14.4;
				MTL_ENABLE_DEBUG_INFO = INCLUDE_SOURCE;
				MTL_FAST_MATH = YES;
				ONLY_ACTIVE_ARCH = YES;
				SDKROOT = iphoneos;
				SWIFT_ACTIVE_COMPILATION_CONDITIONS = DEBUG;
				SWIFT_OPTIMIZATION_LEVEL = "-Onone";
			};
			name = Debug;
		};
		06D8792326DC15C3004B1602 /* Release */ = {
			isa = XCBuildConfiguration;
			buildSettings = {
				ALWAYS_SEARCH_USER_PATHS = NO;
				CLANG_ANALYZER_NONNULL = YES;
				CLANG_ANALYZER_NUMBER_OBJECT_CONVERSION = YES_AGGRESSIVE;
				CLANG_CXX_LANGUAGE_STANDARD = "gnu++14";
				CLANG_CXX_LIBRARY = "libc++";
				CLANG_ENABLE_MODULES = YES;
				CLANG_ENABLE_OBJC_ARC = YES;
				CLANG_ENABLE_OBJC_WEAK = YES;
				CLANG_WARN_BLOCK_CAPTURE_AUTORELEASING = YES;
				CLANG_WARN_BOOL_CONVERSION = YES;
				CLANG_WARN_COMMA = YES;
				CLANG_WARN_CONSTANT_CONVERSION = YES;
				CLANG_WARN_DEPRECATED_OBJC_IMPLEMENTATIONS = YES;
				CLANG_WARN_DIRECT_OBJC_ISA_USAGE = YES_ERROR;
				CLANG_WARN_DOCUMENTATION_COMMENTS = YES;
				CLANG_WARN_EMPTY_BODY = YES;
				CLANG_WARN_ENUM_CONVERSION = YES;
				CLANG_WARN_INFINITE_RECURSION = YES;
				CLANG_WARN_INT_CONVERSION = YES;
				CLANG_WARN_NON_LITERAL_NULL_CONVERSION = YES;
				CLANG_WARN_OBJC_IMPLICIT_RETAIN_SELF = YES;
				CLANG_WARN_OBJC_LITERAL_CONVERSION = YES;
				CLANG_WARN_OBJC_ROOT_CLASS = YES_ERROR;
				CLANG_WARN_QUOTED_INCLUDE_IN_FRAMEWORK_HEADER = YES;
				CLANG_WARN_RANGE_LOOP_ANALYSIS = YES;
				CLANG_WARN_STRICT_PROTOTYPES = YES;
				CLANG_WARN_SUSPICIOUS_MOVE = YES;
				CLANG_WARN_UNGUARDED_AVAILABILITY = YES_AGGRESSIVE;
				CLANG_WARN_UNREACHABLE_CODE = YES;
				CLANG_WARN__DUPLICATE_METHOD_MATCH = YES;
				COPY_PHASE_STRIP = NO;
				DEBUG_INFORMATION_FORMAT = "dwarf-with-dsym";
				ENABLE_NS_ASSERTIONS = NO;
				ENABLE_STRICT_OBJC_MSGSEND = YES;
				GCC_C_LANGUAGE_STANDARD = gnu11;
				GCC_NO_COMMON_BLOCKS = YES;
				GCC_WARN_64_TO_32_BIT_CONVERSION = YES;
				GCC_WARN_ABOUT_RETURN_TYPE = YES_ERROR;
				GCC_WARN_UNDECLARED_SELECTOR = YES;
				GCC_WARN_UNINITIALIZED_AUTOS = YES_AGGRESSIVE;
				GCC_WARN_UNUSED_FUNCTION = YES;
				GCC_WARN_UNUSED_VARIABLE = YES;
				IPHONEOS_DEPLOYMENT_TARGET = 14.4;
				MTL_ENABLE_DEBUG_INFO = NO;
				MTL_FAST_MATH = YES;
				SDKROOT = iphoneos;
				SWIFT_COMPILATION_MODE = wholemodule;
				SWIFT_OPTIMIZATION_LEVEL = "-O";
				VALIDATE_PRODUCT = YES;
			};
			name = Release;
		};
		06D8792526DC15C3004B1602 /* Debug */ = {
			isa = XCBuildConfiguration;
			buildSettings = {
				ASSETCATALOG_COMPILER_APPICON_NAME = AppIcon;
				ASSETCATALOG_COMPILER_GLOBAL_ACCENT_COLOR_NAME = AccentColor;
				CODE_SIGN_STYLE = Automatic;
				DEVELOPMENT_ASSET_PATHS = "\"BeetsNews/Preview Content\"";
				DEVELOPMENT_TEAM = 39HUNCDZZT;
				ENABLE_PREVIEWS = YES;
				INFOPLIST_FILE = BeetsNews/Info.plist;
				LD_RUNPATH_SEARCH_PATHS = (
					"$(inherited)",
					"@executable_path/Frameworks",
				);
				PRODUCT_BUNDLE_IDENTIFIER = com.amirkamalian.BeetsNews;
				PRODUCT_NAME = "$(TARGET_NAME)";
				SWIFT_VERSION = 5.0;
				TARGETED_DEVICE_FAMILY = "1,2";
			};
			name = Debug;
		};
		06D8792626DC15C3004B1602 /* Release */ = {
			isa = XCBuildConfiguration;
			buildSettings = {
				ASSETCATALOG_COMPILER_APPICON_NAME = AppIcon;
				ASSETCATALOG_COMPILER_GLOBAL_ACCENT_COLOR_NAME = AccentColor;
				CODE_SIGN_STYLE = Automatic;
				DEVELOPMENT_ASSET_PATHS = "\"BeetsNews/Preview Content\"";
				DEVELOPMENT_TEAM = 39HUNCDZZT;
				ENABLE_PREVIEWS = YES;
				INFOPLIST_FILE = BeetsNews/Info.plist;
				LD_RUNPATH_SEARCH_PATHS = (
					"$(inherited)",
					"@executable_path/Frameworks",
				);
				PRODUCT_BUNDLE_IDENTIFIER = com.amirkamalian.BeetsNews;
				PRODUCT_NAME = "$(TARGET_NAME)";
				SWIFT_VERSION = 5.0;
				TARGETED_DEVICE_FAMILY = "1,2";
			};
			name = Release;
		};
/* End XCBuildConfiguration section */

/* Begin XCConfigurationList section */
		06D8790B26DC15BF004B1602 /* Build configuration list for PBXProject "BeetsNews" */ = {
			isa = XCConfigurationList;
			buildConfigurations = (
				06D8792226DC15C3004B1602 /* Debug */,
				06D8792326DC15C3004B1602 /* Release */,
			);
			defaultConfigurationIsVisible = 0;
			defaultConfigurationName = Release;
		};
		06D8792426DC15C3004B1602 /* Build configuration list for PBXNativeTarget "BeetsNews" */ = {
			isa = XCConfigurationList;
			buildConfigurations = (
				06D8792526DC15C3004B1602 /* Debug */,
				06D8792626DC15C3004B1602 /* Release */,
			);
			defaultConfigurationIsVisible = 0;
			defaultConfigurationName = Release;
		};
/* End XCConfigurationList section */
	};
	rootObject = 06D8790826DC15BF004B1602 /* Project object */;
}
